
Microsoft Visual Studio Solution File, Format Version 12.00
# Visual Studio Version 16
VisualStudioVersion = 25.0.1704.0
MinimumVisualStudioVersion = 10.0.40219.1
Project("{FAE04EC0-301F-11D3-BF4B-00C04F79EFBC}") = "Yildiz-Yazdirma", "Yildiz-Yazdirma.csproj", "{78B2A47B-095B-4BA1-8D64-9D077714FEEE}"
EndProject
Global
	GlobalSection(SolutionConfigurationPlatforms) = preSolution
		Debug|Any CPU = Debug|Any CPU
		Release|Any CPU = Release|Any CPU
	EndGlobalSection
	GlobalSection(ProjectConfigurationPlatforms) = postSolution
		{78B2A47B-095B-4BA1-8D64-9D077714FEEE}.Debug|Any CPU.ActiveCfg = Debug|Any CPU
		{78B2A47B-095B-4BA1-8D64-9D077714FEEE}.Debug|Any CPU.Build.0 = Debug|Any CPU
		{78B2A47B-095B-4BA1-8D64-9D077714FEEE}.Release|Any CPU.ActiveCfg = Release|Any CPU
		{78B2A47B-095B-4BA1-8D64-9D077714FEEE}.Release|Any CPU.Build.0 = Release|Any CPU
	EndGlobalSection
	GlobalSection(SolutionProperties) = preSolution
		HideSolutionNode = FALSE
	EndGlobalSection
	GlobalSection(ExtensibilityGlobals) = postSolution
		SolutionGuid = {B41612D2-8012-4CDB-A710-FF0AD4CED272}
	EndGlobalSection
EndGlobal
